# THIS IS AN AUTOGENERATED FILE. DO NOT EDIT THIS FILE DIRECTLY.
# yarn lockfile v1


"@classcad/api-js@https://awvstatic.com/classcad/download/release/21.0.0/classcad-api-js-21.0.0.tgz":
  version "21.0.0"
  resolved "https://awvstatic.com/classcad/download/release/21.0.0/classcad-api-js-21.0.0.tgz#e3e9eee68db0df7ae648c2ca499cbd2a1480bf28"

typescript@^5.1.0:
  version "5.9.3"
  resolved "https://registry.yarnpkg.com/typescript/-/typescript-5.9.3.tgz#5b4f59e15310ab17a216f5d6cf53ee476ede670f"
  integrity sha512-jl1vZzPDinLr9eUt3J/t7V6FgNEw9QjvBPdysz9KfQDD41fQrC2Y4vKQdiaUpFT4bXlb1RHhLpp8wtm6M5TgSw==
